
Microsoft Visual Studio Solution File, Format Version 12.00
# Visual Studio Version 16
VisualStudioVersion = 16.0.31205.134
MinimumVisualStudioVersion = 10.0.40219.1
Project("{FAE04EC0-301F-11D3-BF4B-00C04F79EFBC}") = "Otus.Counting.Radix.Bucket.Sortings", "Otus.Counting.Radix.Bucket.Sortings\Otus.Counting.Radix.Bucket.Sortings.csproj", "{BCC8F6D1-1351-453D-A544-28151F4FFA30}"
EndProject
Project("{FAE04EC0-301F-11D3-BF4B-00C04F79EFBC}") = "Tests", "Tests\Tests.csproj", "{CCBC2A0E-943B-4C32-A6F8-36E52C398ADD}"
EndProject
Global
	GlobalSection(SolutionConfigurationPlatforms) = preSolution
		Debug|Any CPU = Debug|Any CPU
		Release|Any CPU = Release|Any CPU
	EndGlobalSection
	GlobalSection(ProjectConfigurationPlatforms) = postSolution
		{BCC8F6D1-1351-453D-A544-28151F4FFA30}.Debug|Any CPU.ActiveCfg = Debug|Any CPU
		{BCC8F6D1-1351-453D-A544-28151F4FFA30}.Debug|Any CPU.Build.0 = Debug|Any CPU
		{BCC8F6D1-1351-453D-A544-28151F4FFA30}.Release|Any CPU.ActiveCfg = Release|Any CPU
		{BCC8F6D1-1351-453D-A544-28151F4FFA30}.Release|Any CPU.Build.0 = Release|Any CPU
		{CCBC2A0E-943B-4C32-A6F8-36E52C398ADD}.Debug|Any CPU.ActiveCfg = Debug|Any CPU
		{CCBC2A0E-943B-4C32-A6F8-36E52C398ADD}.Debug|Any CPU.Build.0 = Debug|Any CPU
		{CCBC2A0E-943B-4C32-A6F8-36E52C398ADD}.Release|Any CPU.ActiveCfg = Release|Any CPU
		{CCBC2A0E-943B-4C32-A6F8-36E52C398ADD}.Release|Any CPU.Build.0 = Release|Any CPU
	EndGlobalSection
	GlobalSection(SolutionProperties) = preSolution
		HideSolutionNode = FALSE
	EndGlobalSection
	GlobalSection(ExtensibilityGlobals) = postSolution
		SolutionGuid = {E5BE942E-E079-40A2-9C4D-355908D6EB0E}
	EndGlobalSection
EndGlobal
